<!DOCTYPE html>
<html lang="es">
<head>
    <meta charset="UTF-8">
    <meta name="viewport" content="width=device-width, initial-scale=1.0">
    <title>WebDev Launchpad</title>
    <link rel="stylesheet" href="style.css">
</head>
<body>
    <div class="container">
        <header>
            <h1>WebDev Launchpad</h1>
            <p>API REST simple con Node.js y Express</p>
        </header>

        <main>
            <section class="endpoints">
                <h2>Endpoints Disponibles</h2>
                
                <div class="endpoint">
                    <span class="method get">GET</span>
                    <code>/api</code>
                    <p>Obtener todos los datos</p>
                    <button onclick="copyToClipboard('curl http://localhost:8000/api')">Copiar comando</button>
                </div>

                <div class="endpoint">
                    <span class="method get">GET</span>
                    <code>/api/:key</code>
                    <p>Obtener un valor específico</p>
                    <button onclick="copyToClipboard('curl http://localhost:8000/api/mi_clave')">Copiar comando</button>
                </div>

                <div class="endpoint">
                    <span class="method post">POST</span>
                    <code>/api/:key</code>
                    <p>Crear un nuevo valor</p>
                    <button onclick="copyToClipboard('curl -X POST -H \"Content-Type: application/json\" -d \"{\\\"value\\\": \\\"mi_valor\\\"}\" http://localhost:8000/api/nueva_clave')">Copiar comando</button>
                </div>

                <div class="endpoint">
                    <span class="method put">PUT</span>
                    <code>/api/:key</code>
                    <p>Actualizar un valor existente</p>
                    <button onclick="copyToClipboard('curl -X PUT -H \"Content-Type: application/json\" -d \"{\\\"value\\\": \\\"nuevo_valor\\\"}\" http://localhost:8000/api/clave_existente')">Copiar comando</button>
                </div>

                <div class="endpoint">
                    <span class="method delete">DELETE</span>
                    <code>/api/:key</code>
                    <p>Eliminar un valor</p>
                    <button onclick="copyToClipboard('curl -X DELETE http://localhost:8000/api/clave_a_eliminar')">Copiar comando</button>
                </div>
            </section>

            <section class="instructions">
                <h2>Instrucciones</h2>
                <ol>
                    <li>Haz clic en "Copiar comando" para el endpoint que quieras probar</li>
                    <li>Abre una terminal en tu computadora</li>
                    <li>Pega el comando y ejecútalo</li>
                    <li>Verás la respuesta de la API en tu terminal</li>
                </ol>
            </section>
        </main>

        <footer>
            <p>Hecho con Node.js + Express | WebDev Launchpad</p>
        </footer>
    </div>

    <div class="notification" id="notification">
        Comando copiado al portapapeles ✓
    </div>

    <script>
        function copyToClipboard(text) {
            const textarea = document.createElement('textarea');
            textarea.value = text;
            document.body.appendChild(textarea);
            textarea.select();
            document.execCommand('copy');
            document.body.removeChild(textarea);
            
            const notification = document.getElementById('notification');
            notification.classList.add('show');
            
            setTimeout(() => {
                notification.classList.remove('show');
            }, 2000);
        }
    </script>
</body>
</html>